
Microsoft Visual Studio Solution File, Format Version 12.00
# Visual Studio Version 16
VisualStudioVersion = 16.0.33328.57
MinimumVisualStudioVersion = 10.0.40219.1
Project("{FAE04EC0-301F-11D3-BF4B-00C04F79EFBC}") = "API", "API\API.csproj", "{DBA67D30-15F2-4CFB-94A8-6045AC450ACA}"
EndProject
Global
	GlobalSection(SolutionConfigurationPlatforms) = preSolution
		Debug|Any CPU = Debug|Any CPU
		Release|Any CPU = Release|Any CPU
	EndGlobalSection
	GlobalSection(ProjectConfigurationPlatforms) = postSolution
		{DBA67D30-15F2-4CFB-94A8-6045AC450ACA}.Debug|Any CPU.ActiveCfg = Debug|Any CPU
		{DBA67D30-15F2-4CFB-94A8-6045AC450ACA}.Debug|Any CPU.Build.0 = Debug|Any CPU
		{DBA67D30-15F2-4CFB-94A8-6045AC450ACA}.Release|Any CPU.ActiveCfg = Release|Any CPU
		{DBA67D30-15F2-4CFB-94A8-6045AC450ACA}.Release|Any CPU.Build.0 = Release|Any CPU
	EndGlobalSection
	GlobalSection(SolutionProperties) = preSolution
		HideSolutionNode = FALSE
	EndGlobalSection
	GlobalSection(ExtensibilityGlobals) = postSolution
		SolutionGuid = {290428A3-831F-4C69-972B-D25B60EEA091}
	EndGlobalSection
EndGlobal
